
Microsoft Visual Studio Solution File, Format Version 12.00
# Visual Studio Version 17
VisualStudioVersion = 17.4.33122.133
MinimumVisualStudioVersion = 10.0.40219.1
Project("{FAE04EC0-301F-11D3-BF4B-00C04F79EFBC}") = "LogSorting", "LogSorting\LogSorting.csproj", "{ECC1FC63-8024-4A8E-A0DF-9AD6C0EF844A}"
EndProject
Global
	GlobalSection(SolutionConfigurationPlatforms) = preSolution
		Debug|Any CPU = Debug|Any CPU
		Release|Any CPU = Release|Any CPU
	EndGlobalSection
	GlobalSection(ProjectConfigurationPlatforms) = postSolution
		{ECC1FC63-8024-4A8E-A0DF-9AD6C0EF844A}.Debug|Any CPU.ActiveCfg = Debug|Any CPU
		{ECC1FC63-8024-4A8E-A0DF-9AD6C0EF844A}.Debug|Any CPU.Build.0 = Debug|Any CPU
		{ECC1FC63-8024-4A8E-A0DF-9AD6C0EF844A}.Release|Any CPU.ActiveCfg = Release|Any CPU
		{ECC1FC63-8024-4A8E-A0DF-9AD6C0EF844A}.Release|Any CPU.Build.0 = Release|Any CPU
	EndGlobalSection
	GlobalSection(SolutionProperties) = preSolution
		HideSolutionNode = FALSE
	EndGlobalSection
	GlobalSection(ExtensibilityGlobals) = postSolution
		SolutionGuid = {1F3B32E3-9F07-4B42-99CA-073E388DCD34}
	EndGlobalSection
EndGlobal
